
Microsoft Visual Studio Solution File, Format Version 12.00
Project("{FAE04EC0-301F-11D3-BF4B-00C04F79EFBC}") = "PDBPractical1", "PDBPractical1\PDBPractical1.csproj", "{27E3CB03-61DE-422F-8324-01717DE1D51D}"
EndProject
Project("{FAE04EC0-301F-11D3-BF4B-00C04F79EFBC}") = "PDBPractical1.UnitTests", "PDBPractical1.UnitTests\PDBPractical1.UnitTests.csproj", "{B40DA88A-A3B3-422D-88D3-009C8285D3A8}"
EndProject
Global
	GlobalSection(SolutionConfigurationPlatforms) = preSolution
		Debug|Any CPU = Debug|Any CPU
		Release|Any CPU = Release|Any CPU
	EndGlobalSection
	GlobalSection(ProjectConfigurationPlatforms) = postSolution
		{27E3CB03-61DE-422F-8324-01717DE1D51D}.Debug|Any CPU.ActiveCfg = Debug|Any CPU
		{27E3CB03-61DE-422F-8324-01717DE1D51D}.Debug|Any CPU.Build.0 = Debug|Any CPU
		{27E3CB03-61DE-422F-8324-01717DE1D51D}.Release|Any CPU.ActiveCfg = Release|Any CPU
		{27E3CB03-61DE-422F-8324-01717DE1D51D}.Release|Any CPU.Build.0 = Release|Any CPU
		{B40DA88A-A3B3-422D-88D3-009C8285D3A8}.Debug|Any CPU.ActiveCfg = Debug|Any CPU
		{B40DA88A-A3B3-422D-88D3-009C8285D3A8}.Debug|Any CPU.Build.0 = Debug|Any CPU
		{B40DA88A-A3B3-422D-88D3-009C8285D3A8}.Release|Any CPU.ActiveCfg = Release|Any CPU
		{B40DA88A-A3B3-422D-88D3-009C8285D3A8}.Release|Any CPU.Build.0 = Release|Any CPU
	EndGlobalSection
EndGlobal
